{
 "name": "module",
 "version": "0.0.0",
 "lockfileVersion": 1,
 "dependencies": {
  "factorial": {
   "version": "1.0.0",
   "resolved": "https://registry.npmjs.org/factorial/-/factorial-1.0.0.tgz",
   "integrity": "sha512-nn/qeE2IcAcieweRN9gydh38OH4lcnx0hypyOcIOwFQMkXvoPgk6MU6Ze8xpQDq6aP1D/QfVwTlPpbAGsnSSOA=="
  }
 }
}
